// !$*UTF8*$!
{
	archiveVersion = 1;
	classes = {
	};
	objectVersion = 46;
	objects = {

/* Begin PBXBuildFile section */
		03CC03101C0326EC00458A05 /* AppDelegate.swift in Sources */ = {isa = PBXBuildFile; fileRef = 03CC030F1C0326EC00458A05 /* AppDelegate.swift */; };
		03CC03121C0326EC00458A05 /* ViewController.swift in Sources */ = {isa = PBXBuildFile; fileRef = 03CC03111C0326EC00458A05 /* ViewController.swift */; };
		03CC03151C0326EC00458A05 /* Main.storyboard in Resources */ = {isa = PBXBuildFile; fileRef = 03CC03131C0326EC00458A05 /* Main.storyboard */; };
		03CC03171C0326EC00458A05 /* Assets.xcassets in Resources */ = {isa = PBXBuildFile; fileRef = 03CC03161C0326EC00458A05 /* Assets.xcassets */; };
		03CC031A1C0326EC00458A05 /* LaunchScreen.storyboard in Resources */ = {isa = PBXBuildFile; fileRef = 03CC03181C0326EC00458A05 /* LaunchScreen.storyboard */; };
		03CC03251C0326EC00458A05 /* InnovationSpaceAppTests.swift in Sources */ = {isa = PBXBuildFile; fileRef = 03CC03241C0326EC00458A05 /* InnovationSpaceAppTests.swift */; };
		03CC03301C0326EC00458A05 /* InnovationSpaceAppUITests.swift in Sources */ = {isa = PBXBuildFile; fileRef = 03CC032F1C0326EC00458A05 /* InnovationSpaceAppUITests.swift */; };
/* End PBXBuildFile section */

/* Begin PBXContainerItemProxy section */
		03CC03211C0326EC00458A05 /* PBXContainerItemProxy */ = {
			isa = PBXContainerItemProxy;
			containerPortal = 03CC03041C0326EC00458A05 /* Project object */;
			proxyType = 1;
			remoteGlobalIDString = 03CC030B1C0326EC00458A05;
			remoteInfo = InnovationSpaceApp;
		};
		03CC032C1C0326EC00458A05 /* PBXContainerItemProxy */ = {
			isa = PBXContainerItemProxy;
			containerPortal = 03CC03041C0326EC00458A05 /* Project object */;
			proxyType = 1;
			remoteGlobalIDString = 03CC030B1C0326EC00458A05;
			remoteInfo = InnovationSpaceApp;
		};
/* End PBXContainerItemProxy section */

/* Begin PBXFileReference section */
		03CC030C1C0326EC00458A05 /* InnovationSpaceApp.app */ = {isa = PBXFileReference; explicitFileType = wrapper.application; includeInIndex = 0; path = InnovationSpaceApp.app; sourceTree = BUILT_PRODUCTS_DIR; };
		03CC030F1C0326EC00458A05 /* AppDelegate.swift */ = {isa = PBXFileReference; lastKnownFileType = sourcecode.swift; path = AppDelegate.swift; sourceTree = "<group>"; };
		03CC03111C0326EC00458A05 /* ViewController.swift */ = {isa = PBXFileReference; lastKnownFileType = sourcecode.swift; path = ViewController.swift; sourceTree = "<group>"; };
		03CC03141C0326EC00458A05 /* Base */ = {isa = PBXFileReference; lastKnownFileType = file.storyboard; name = Base; path = Base.lproj/Main.storyboard; sourceTree = "<group>"; };
		03CC03161C0326EC00458A05 /* Assets.xcassets */ = {isa = PBXFileReference; lastKnownFileType = folder.assetcatalog; path = Assets.xcassets; sourceTree = "<group>"; };
		03CC03191C0326EC00458A05 /* Base */ = {isa = PBXFileReference; lastKnownFileType = file.storyboard; name = Base; path = Base.lproj/LaunchScreen.storyboard; sourceTree = "<group>"; };
		03CC031B1C0326EC00458A05 /* Info.plist */ = {isa = PBXFileReference; lastKnownFileType = text.plist.xml; path = Info.plist; sourceTree = "<group>"; };
		03CC03201C0326EC00458A05 /* InnovationSpaceAppTests.xctest */ = {isa = PBXFileReference; explicitFileType = wrapper.cfbundle; includeInIndex = 0; path = InnovationSpaceAppTests.xctest; sourceTree = BUILT_PRODUCTS_DIR; };
		03CC03241C0326EC00458A05 /* InnovationSpaceAppTests.swift */ = {isa = PBXFileReference; lastKnownFileType = sourcecode.swift; path = InnovationSpaceAppTests.swift; sourceTree = "<group>"; };
		03CC03261C0326EC00458A05 /* Info.plist */ = {isa = PBXFileReference; lastKnownFileType = text.plist.xml; path = Info.plist; sourceTree = "<group>"; };
		03CC032B1C0326EC00458A05 /* InnovationSpaceAppUITests.xctest */ = {isa = PBXFileReference; explicitFileType = wrapper.cfbundle; includeInIndex = 0; path = InnovationSpaceAppUITests.xctest; sourceTree = BUILT_PRODUCTS_DIR; };
		03CC032F1C0326EC00458A05 /* InnovationSpaceAppUITests.swift */ = {isa = PBXFileReference; lastKnownFileType = sourcecode.swift; path = InnovationSpaceAppUITests.swift; sourceTree = "<group>"; };
		03CC03311C0326EC00458A05 /* Info.plist */ = {isa = PBXFileReference; lastKnownFileType = text.plist.xml; path = Info.plist; sourceTree = "<group>"; };
/* End PBXFileReference section */

/* Begin PBXFrameworksBuildPhase section */
		03CC03091C0326EC00458A05 /* Frameworks */ = {
			isa = PBXFrameworksBuildPhase;
			buildActionMask = 2147483647;
			files = (
			);
			runOnlyForDeploymentPostprocessing = 0;
		};
		03CC031D1C0326EC00458A05 /* Frameworks */ = {
			isa = PBXFrameworksBuildPhase;
			buildActionMask = 2147483647;
			files = (
			);
			runOnlyForDeploymentPostprocessing = 0;
		};
		03CC03281C0326EC00458A05 /* Frameworks */ = {
			isa = PBXFrameworksBuildPhase;
			buildActionMask = 2147483647;
			files = (
			);
			runOnlyForDeploymentPostprocessing = 0;
		};
/* End PBXFrameworksBuildPhase section */

/* Begin PBXGroup section */
		03CC03031C0326EC00458A05 = {
			isa = PBXGroup;
			children = (
				03CC030E1C0326EC00458A05 /* InnovationSpaceApp */,
				03CC03231C0326EC00458A05 /* InnovationSpaceAppTests */,
				03CC032E1C0326EC00458A05 /* InnovationSpaceAppUITests */,
				03CC030D1C0326EC00458A05 /* Products */,
			);
			sourceTree = "<group>";
		};
		03CC030D1C0326EC00458A05 /* Products */ = {
			isa = PBXGroup;
			children = (
				03CC030C1C0326EC00458A05 /* InnovationSpaceApp.app */,
				03CC03201C0326EC00458A05 /* InnovationSpaceAppTests.xctest */,
				03CC032B1C0326EC00458A05 /* InnovationSpaceAppUITests.xctest */,
			);
			name = Products;
			sourceTree = "<group>";
		};
		03CC030E1C0326EC00458A05 /* InnovationSpaceApp */ = {
			isa = PBXGroup;
			children = (
				03CC030F1C0326EC00458A05 /* AppDelegate.swift */,
				03CC03111C0326EC00458A05 /* ViewController.swift */,
				03CC03131C0326EC00458A05 /* Main.storyboard */,
				03CC03161C0326EC00458A05 /* Assets.xcassets */,
				03CC03181C0326EC00458A05 /* LaunchScreen.storyboard */,
				03CC031B1C0326EC00458A05 /* Info.plist */,
			);
			path = InnovationSpaceApp;
			sourceTree = "<group>";
		};
		03CC03231C0326EC00458A05 /* InnovationSpaceAppTests */ = {
			isa = PBXGroup;
			children = (
				03CC03241C0326EC00458A05 /* InnovationSpaceAppTests.swift */,
				03CC03261C0326EC00458A05 /* Info.plist */,
			);
			path = InnovationSpaceAppTests;
			sourceTree = "<group>";
		};
		03CC032E1C0326EC00458A05 /* InnovationSpaceAppUITests */ = {
			isa = PBXGroup;
			children = (
				03CC032F1C0326EC00458A05 /* InnovationSpaceAppUITests.swift */,
				03CC03311C0326EC00458A05 /* Info.plist */,
			);
			path = InnovationSpaceAppUITests;
			sourceTree = "<group>";
		};
/* End PBXGroup section */

/* Begin PBXNativeTarget section */
		03CC030B1C0326EC00458A05 /* InnovationSpaceApp */ = {
			isa = PBXNativeTarget;
			buildConfigurationList = 03CC03341C0326EC00458A05 /* Build configuration list for PBXNativeTarget "InnovationSpaceApp" */;
			buildPhases = (
				03CC03081C0326EC00458A05 /* Sources */,
				03CC03091C0326EC00458A05 /* Frameworks */,
				03CC030A1C0326EC00458A05 /* Resources */,
			);
			buildRules = (
			);
			dependencies = (
			);
			name = InnovationSpaceApp;
			productName = InnovationSpaceApp;
			productReference = 03CC030C1C0326EC00458A05 /* InnovationSpaceApp.app */;
			productType = "com.apple.product-type.application";
		};
		03CC031F1C0326EC00458A05 /* InnovationSpaceAppTests */ = {
			isa = PBXNativeTarget;
			buildConfigurationList = 03CC03371C0326EC00458A05 /* Build configuration list for PBXNativeTarget "InnovationSpaceAppTests" */;
			buildPhases = (
				03CC031C1C0326EC00458A05 /* Sources */,
				03CC031D1C0326EC00458A05 /* Frameworks */,
				03CC031E1C0326EC00458A05 /* Resources */,
			);
			buildRules = (
			);
			dependencies = (
				03CC03221C0326EC00458A05 /* PBXTargetDependency */,
			);
			name = InnovationSpaceAppTests;
			productName = InnovationSpaceAppTests;
			productReference = 03CC03201C0326EC00458A05 /* InnovationSpaceAppTests.xctest */;
			productType = "com.apple.product-type.bundle.unit-test";
		};
		03CC032A1C0326EC00458A05 /* InnovationSpaceAppUITests */ = {
			isa = PBXNativeTarget;
			buildConfigurationList = 03CC033A1C0326EC00458A05 /* Build configuration list for PBXNativeTarget "InnovationSpaceAppUITests" */;
			buildPhases = (
				03CC03271C0326EC00458A05 /* Sources */,
				03CC03281C0326EC00458A05 /* Frameworks */,
				03CC03291C0326EC00458A05 /* Resources */,
			);
			buildRules = (
			);
			dependencies = (
				03CC032D1C0326EC00458A05 /* PBXTargetDependency */,
			);
			name = InnovationSpaceAppUITests;
			productName = InnovationSpaceAppUITests;
			productReference = 03CC032B1C0326EC00458A05 /* InnovationSpaceAppUITests.xctest */;
			productType = "com.apple.product-type.bundle.ui-testing";
		};
/* End PBXNativeTarget section */

/* Begin PBXProject section */
		03CC03041C0326EC00458A05 /* Project object */ = {
			isa = PBXProject;
			attributes = {
				LastUpgradeCheck = 0700;
				ORGANIZATIONNAME = Mindaugas;
				TargetAttributes = {
					03CC030B1C0326EC00458A05 = {
						CreatedOnToolsVersion = 7.0;
						DevelopmentTeam = PDR4VQLAH4;
					};
					03CC031F1C0326EC00458A05 = {
						CreatedOnToolsVersion = 7.0;
						DevelopmentTeam = PDR4VQLAH4;
						TestTargetID = 03CC030B1C0326EC00458A05;
					};
					03CC032A1C0326EC00458A05 = {
						CreatedOnToolsVersion = 7.0;
						DevelopmentTeam = PDR4VQLAH4;
						TestTargetID = 03CC030B1C0326EC00458A05;
					};
				};
			};
			buildConfigurationList = 03CC03071C0326EC00458A05 /* Build configuration list for PBXProject "InnovationSpaceApp" */;
			compatibilityVersion = "Xcode 3.2";
			developmentRegion = English;
			hasScannedForEncodings = 0;
			knownRegions = (
				en,
				Base,
			);
			mainGroup = 03CC03031C0326EC00458A05;
			productRefGroup = 03CC030D1C0326EC00458A05 /* Products */;
			projectDirPath = "";
			projectRoot = "";
			targets = (
				03CC030B1C0326EC00458A05 /* InnovationSpaceApp */,
				03CC031F1C0326EC00458A05 /* InnovationSpaceAppTests */,
				03CC032A1C0326EC00458A05 /* InnovationSpaceAppUITests */,
			);
		};
/* End PBXProject section */

/* Begin PBXResourcesBuildPhase section */
		03CC030A1C0326EC00458A05 /* Resources */ = {
			isa = PBXResourcesBuildPhase;
			buildActionMask = 2147483647;
			files = (
				03CC031A1C0326EC00458A05 /* LaunchScreen.storyboard in Resources */,
				03CC03171C0326EC00458A05 /* Assets.xcassets in Resources */,
				03CC03151C0326EC00458A05 /* Main.storyboard in Resources */,
			);
			runOnlyForDeploymentPostprocessing = 0;
		};
		03CC031E1C0326EC00458A05 /* Resources */ = {
			isa = PBXResourcesBuildPhase;
			buildActionMask = 2147483647;
			files = (
			);
			runOnlyForDeploymentPostprocessing = 0;
		};
		03CC03291C0326EC00458A05 /* Resources */ = {
			isa = PBXResourcesBuildPhase;
			buildActionMask = 2147483647;
			files = (
			);
			runOnlyForDeploymentPostprocessing = 0;
		};
/* End PBXResourcesBuildPhase section */

/* Begin PBXSourcesBuildPhase section */
		03CC03081C0326EC00458A05 /* Sources */ = {
			isa = PBXSourcesBuildPhase;
			buildActionMask = 2147483647;
			files = (
				03CC03121C0326EC00458A05 /* ViewController.swift in Sources */,
				03CC03101C0326EC00458A05 /* AppDelegate.swift in Sources */,
			);
			runOnlyForDeploymentPostprocessing = 0;
		};
		03CC031C1C0326EC00458A05 /* Sources */ = {
			isa = PBXSourcesBuildPhase;
			buildActionMask = 2147483647;
			files = (
				03CC03251C0326EC00458A05 /* InnovationSpaceAppTests.swift in Sources */,
			);
			runOnlyForDeploymentPostprocessing = 0;
		};
		03CC03271C0326EC00458A05 /* Sources */ = {
			isa = PBXSourcesBuildPhase;
			buildActionMask = 2147483647;
			files = (
				03CC03301C0326EC00458A05 /* InnovationSpaceAppUITests.swift in Sources */,
			);
			runOnlyForDeploymentPostprocessing = 0;
		};
/* End PBXSourcesBuildPhase section */

/* Begin PBXTargetDependency section */
		03CC03221C0326EC00458A05 /* PBXTargetDependency */ = {
			isa = PBXTargetDependency;
			target = 03CC030B1C0326EC00458A05 /* InnovationSpaceApp */;
			targetProxy = 03CC03211C0326EC00458A05 /* PBXContainerItemProxy */;
		};
		03CC032D1C0326EC00458A05 /* PBXTargetDependency */ = {
			isa = PBXTargetDependency;
			target = 03CC030B1C0326EC00458A05 /* InnovationSpaceApp */;
			targetProxy = 03CC032C1C0326EC00458A05 /* PBXContainerItemProxy */;
		};
/* End PBXTargetDependency section */

/* Begin PBXVariantGroup section */
		03CC03131C0326EC00458A05 /* Main.storyboard */ = {
			isa = PBXVariantGroup;
			children = (
				03CC03141C0326EC00458A05 /* Base */,
			);
			name = Main.storyboard;
			sourceTree = "<group>";
		};
		03CC03181C0326EC00458A05 /* LaunchScreen.storyboard */ = {
			isa = PBXVariantGroup;
			children = (
				03CC03191C0326EC00458A05 /* Base */,
			);
			name = LaunchScreen.storyboard;
			sourceTree = "<group>";
		};
/* End PBXVariantGroup section */

/* Begin XCBuildConfiguration section */
		03CC03321C0326EC00458A05 /* Debug */ = {
			isa = XCBuildConfiguration;
			buildSettings = {
				ALWAYS_SEARCH_USER_PATHS = NO;
				CLANG_CXX_LANGUAGE_STANDARD = "gnu++0x";
				CLANG_CXX_LIBRARY = "libc++";
				CLANG_ENABLE_MODULES = YES;
				CLANG_ENABLE_OBJC_ARC = YES;
				CLANG_WARN_BOOL_CONVERSION = YES;
				CLANG_WARN_CONSTANT_CONVERSION = YES;
				CLANG_WARN_DIRECT_OBJC_ISA_USAGE = YES_ERROR;
				CLANG_WARN_EMPTY_BODY = YES;
				CLANG_WARN_ENUM_CONVERSION = YES;
				CLANG_WARN_INT_CONVERSION = YES;
				CLANG_WARN_OBJC_ROOT_CLASS = YES_ERROR;
				CLANG_WARN_UNREACHABLE_CODE = YES;
				CLANG_WARN__DUPLICATE_METHOD_MATCH = YES;
				"CODE_SIGN_IDENTITY[sdk=iphoneos*]" = "iPhone Developer";
				COPY_PHASE_STRIP = NO;
				DEBUG_INFORMATION_FORMAT = dwarf;
				ENABLE_STRICT_OBJC_MSGSEND = YES;
				ENABLE_TESTABILITY = YES;
				GCC_C_LANGUAGE_STANDARD = gnu99;
				GCC_DYNAMIC_NO_PIC = NO;
				GCC_NO_COMMON_BLOCKS = YES;
				GCC_OPTIMIZATION_LEVEL = 0;
				GCC_PREPROCESSOR_DEFINITIONS = (
					"DEBUG=1",
					"$(inherited)",
				);
				GCC_WARN_64_TO_32_BIT_CONVERSION = YES;
				GCC_WARN_ABOUT_RETURN_TYPE = YES_ERROR;
				GCC_WARN_UNDECLARED_SELECTOR = YES;
				GCC_WARN_UNINITIALIZED_AUTOS = YES_AGGRESSIVE;
				GCC_WARN_UNUSED_FUNCTION = YES;
				GCC_WARN_UNUSED_VARIABLE = YES;
				IPHONEOS_DEPLOYMENT_TARGET = 9.0;
				MTL_ENABLE_DEBUG_INFO = YES;
				ONLY_ACTIVE_ARCH = YES;
				SDKROOT = iphoneos;
				SWIFT_OPTIMIZATION_LEVEL = "-Onone";
				TARGETED_DEVICE_FAMILY = "1,2";
			};
			name = Debug;
		};
		03CC03331C0326EC00458A05 /* Release */ = {
			isa = XCBuildConfiguration;
			buildSettings = {
				ALWAYS_SEARCH_USER_PATHS = NO;
				CLANG_CXX_LANGUAGE_STANDARD = "gnu++0x";
				CLANG_CXX_LIBRARY = "libc++";
				CLANG_ENABLE_MODULES = YES;
				CLANG_ENABLE_OBJC_ARC = YES;
				CLANG_WARN_BOOL_CONVERSION = YES;
				CLANG_WARN_CONSTANT_CONVERSION = YES;
				CLANG_WARN_DIRECT_OBJC_ISA_USAGE = YES_ERROR;
				CLANG_WARN_EMPTY_BODY = YES;
				CLANG_WARN_ENUM_CONVERSION = YES;
				CLANG_WARN_INT_CONVERSION = YES;
				CLANG_WARN_OBJC_ROOT_CLASS = YES_ERROR;
				CLANG_WARN_UNREACHABLE_CODE = YES;
				CLANG_WARN__DUPLICATE_METHOD_MATCH = YES;
				"CODE_SIGN_IDENTITY[sdk=iphoneos*]" = "iPhone Developer";
				COPY_PHASE_STRIP = NO;
				DEBUG_INFORMATION_FORMAT = "dwarf-with-dsym";
				ENABLE_NS_ASSERTIONS = NO;
				ENABLE_STRICT_OBJC_MSGSEND = YES;
				GCC_C_LANGUAGE_STANDARD = gnu99;
				GCC_NO_COMMON_BLOCKS = YES;
				GCC_WARN_64_TO_32_BIT_CONVERSION = YES;
				GCC_WARN_ABOUT_RETURN_TYPE = YES_ERROR;
				GCC_WARN_UNDECLARED_SELECTOR = YES;
				GCC_WARN_UNINITIALIZED_AUTOS = YES_AGGRESSIVE;
				GCC_WARN_UNUSED_FUNCTION = YES;
				GCC_WARN_UNUSED_VARIABLE = YES;
				IPHONEOS_DEPLOYMENT_TARGET = 9.0;
				MTL_ENABLE_DEBUG_INFO = NO;
				SDKROOT = iphoneos;
				TARGETED_DEVICE_FAMILY = "1,2";
				VALIDATE_PRODUCT = YES;
			};
			name = Release;
		};
		03CC03351C0326EC00458A05 /* Debug */ = {
			isa = XCBuildConfiguration;
			buildSettings = {
				ASSETCATALOG_COMPILER_APPICON_NAME = AppIcon;
				INFOPLIST_FILE = InnovationSpaceApp/Info.plist;
				LD_RUNPATH_SEARCH_PATHS = "$(inherited) @executable_path/Frameworks";
				PRODUCT_BUNDLE_IDENTIFIER = com.Mindaugas.InnovationSpaceApp;
				PRODUCT_NAME = "$(TARGET_NAME)";
			};
			name = Debug;
		};
		03CC03361C0326EC00458A05 /* Release */ = {
			isa = XCBuildConfiguration;
			buildSettings = {
				ASSETCATALOG_COMPILER_APPICON_NAME = AppIcon;
				INFOPLIST_FILE = InnovationSpaceApp/Info.plist;
				LD_RUNPATH_SEARCH_PATHS = "$(inherited) @executable_path/Frameworks";
				PRODUCT_BUNDLE_IDENTIFIER = com.Mindaugas.InnovationSpaceApp;
				PRODUCT_NAME = "$(TARGET_NAME)";
			};
			name = Release;
		};
		03CC03381C0326EC00458A05 /* Debug */ = {
			isa = XCBuildConfiguration;
			buildSettings = {
				BUNDLE_LOADER = "$(TEST_HOST)";
				INFOPLIST_FILE = InnovationSpaceAppTests/Info.plist;
				LD_RUNPATH_SEARCH_PATHS = "$(inherited) @executable_path/Frameworks @loader_path/Frameworks";
				PRODUCT_BUNDLE_IDENTIFIER = com.Mindaugas.InnovationSpaceAppTests;
				PRODUCT_NAME = "$(TARGET_NAME)";
				TEST_HOST = "$(BUILT_PRODUCTS_DIR)/InnovationSpaceApp.app/InnovationSpaceApp";
			};
			name = Debug;
		};
		03CC03391C0326EC00458A05 /* Release */ = {
			isa = XCBuildConfiguration;
			buildSettings = {
				BUNDLE_LOADER = "$(TEST_HOST)";
				INFOPLIST_FILE = InnovationSpaceAppTests/Info.plist;
				LD_RUNPATH_SEARCH_PATHS = "$(inherited) @executable_path/Frameworks @loader_path/Frameworks";
				PRODUCT_BUNDLE_IDENTIFIER = com.Mindaugas.InnovationSpaceAppTests;
				PRODUCT_NAME = "$(TARGET_NAME)";
				TEST_HOST = "$(BUILT_PRODUCTS_DIR)/InnovationSpaceApp.app/InnovationSpaceApp";
			};
			name = Release;
		};
		03CC033B1C0326EC00458A05 /* Debug */ = {
			isa = XCBuildConfiguration;
			buildSettings = {
				INFOPLIST_FILE = InnovationSpaceAppUITests/Info.plist;
				LD_RUNPATH_SEARCH_PATHS = "$(inherited) @executable_path/Frameworks @loader_path/Frameworks";
				PRODUCT_BUNDLE_IDENTIFIER = com.Mindaugas.InnovationSpaceAppUITests;
				PRODUCT_NAME = "$(TARGET_NAME)";
				TEST_TARGET_NAME = InnovationSpaceApp;
				USES_XCTRUNNER = YES;
			};
			name = Debug;
		};
		03CC033C1C0326EC00458A05 /* Release */ = {
			isa = XCBuildConfiguration;
			buildSettings = {
				INFOPLIST_FILE = InnovationSpaceAppUITests/Info.plist;
				LD_RUNPATH_SEARCH_PATHS = "$(inherited) @executable_path/Frameworks @loader_path/Frameworks";
				PRODUCT_BUNDLE_IDENTIFIER = com.Mindaugas.InnovationSpaceAppUITests;
				PRODUCT_NAME = "$(TARGET_NAME)";
				TEST_TARGET_NAME = InnovationSpaceApp;
				USES_XCTRUNNER = YES;
			};
			name = Release;
		};
/* End XCBuildConfiguration section */

/* Begin XCConfigurationList section */
		03CC03071C0326EC00458A05 /* Build configuration list for PBXProject "InnovationSpaceApp" */ = {
			isa = XCConfigurationList;
			buildConfigurations = (
				03CC03321C0326EC00458A05 /* Debug */,
				03CC03331C0326EC00458A05 /* Release */,
			);
			defaultConfigurationIsVisible = 0;
			defaultConfigurationName = Release;
		};
		03CC03341C0326EC00458A05 /* Build configuration list for PBXNativeTarget "InnovationSpaceApp" */ = {
			isa = XCConfigurationList;
			buildConfigurations = (
				03CC03351C0326EC00458A05 /* Debug */,
				03CC03361C0326EC00458A05 /* Release */,
			);
			defaultConfigurationIsVisible = 0;
		};
		03CC03371C0326EC00458A05 /* Build configuration list for PBXNativeTarget "InnovationSpaceAppTests" */ = {
			isa = XCConfigurationList;
			buildConfigurations = (
				03CC03381C0326EC00458A05 /* Debug */,
				03CC03391C0326EC00458A05 /* Release */,
			);
			defaultConfigurationIsVisible = 0;
		};
		03CC033A1C0326EC00458A05 /* Build configuration list for PBXNativeTarget "InnovationSpaceAppUITests" */ = {
			isa = XCConfigurationList;
			buildConfigurations = (
				03CC033B1C0326EC00458A05 /* Debug */,
				03CC033C1C0326EC00458A05 /* Release */,
			);
			defaultConfigurationIsVisible = 0;
		};
/* End XCConfigurationList section */
	};
	rootObject = 03CC03041C0326EC00458A05 /* Project object */;
}
